// !$*UTF8*$!
{
	archiveVersion = 1;
	classes = {
	};
	objectVersion = 50;
	objects = {

/* Begin PBXBuildFile section */
		67297692263BC72C0095A0A8 /* tasks.swift in Sources */ = {isa = PBXBuildFile; fileRef = 67297691263BC72C0095A0A8 /* tasks.swift */; };
		EF842463263B595E003DF52A /* FocusAppApp.swift in Sources */ = {isa = PBXBuildFile; fileRef = EF842462263B595E003DF52A /* FocusAppApp.swift */; };
		EF842465263B595E003DF52A /* ContentView.swift in Sources */ = {isa = PBXBuildFile; fileRef = EF842464263B595E003DF52A /* ContentView.swift */; };
		EF842467263B5962003DF52A /* Assets.xcassets in Resources */ = {isa = PBXBuildFile; fileRef = EF842466263B5962003DF52A /* Assets.xcassets */; };
		EF84246A263B5962003DF52A /* Preview Assets.xcassets in Resources */ = {isa = PBXBuildFile; fileRef = EF842469263B5962003DF52A /* Preview Assets.xcassets */; };
		EF8424B4263B83E3003DF52A /* PTSerif-Italic.ttf in Resources */ = {isa = PBXBuildFile; fileRef = EF8424B0263B83E2003DF52A /* PTSerif-Italic.ttf */; };
		EF8424B5263B83E3003DF52A /* PTSerif-Regular.ttf in Resources */ = {isa = PBXBuildFile; fileRef = EF8424B1263B83E2003DF52A /* PTSerif-Regular.ttf */; };
		EF8424B6263B83E3003DF52A /* PTSerif-Bold.ttf in Resources */ = {isa = PBXBuildFile; fileRef = EF8424B2263B83E2003DF52A /* PTSerif-Bold.ttf */; };
		EF8424B7263B83E3003DF52A /* PTSerif-BoldItalic.ttf in Resources */ = {isa = PBXBuildFile; fileRef = EF8424B3263B83E3003DF52A /* PTSerif-BoldItalic.ttf */; };
		EF8424BB263B9412003DF52A /* Motivation.swift in Sources */ = {isa = PBXBuildFile; fileRef = EF8424BA263B9412003DF52A /* Motivation.swift */; };
		EFD732DA263C54A800CB502F /* User.swift in Sources */ = {isa = PBXBuildFile; fileRef = EFD732D9263C54A800CB502F /* User.swift */; };
		EFD732DE263CA14C00CB502F /* SwiftUIView.swift in Sources */ = {isa = PBXBuildFile; fileRef = EFD732DD263CA14C00CB502F /* SwiftUIView.swift */; };
/* End PBXBuildFile section */

/* Begin PBXFileReference section */
		67297691263BC72C0095A0A8 /* tasks.swift */ = {isa = PBXFileReference; lastKnownFileType = sourcecode.swift; path = tasks.swift; sourceTree = "<group>"; };
		EF84245F263B595E003DF52A /* FocusApp.app */ = {isa = PBXFileReference; explicitFileType = wrapper.application; includeInIndex = 0; path = FocusApp.app; sourceTree = BUILT_PRODUCTS_DIR; };
		EF842462263B595E003DF52A /* FocusAppApp.swift */ = {isa = PBXFileReference; lastKnownFileType = sourcecode.swift; path = FocusAppApp.swift; sourceTree = "<group>"; };
		EF842464263B595E003DF52A /* ContentView.swift */ = {isa = PBXFileReference; lastKnownFileType = sourcecode.swift; path = ContentView.swift; sourceTree = "<group>"; };
		EF842466263B5962003DF52A /* Assets.xcassets */ = {isa = PBXFileReference; lastKnownFileType = folder.assetcatalog; path = Assets.xcassets; sourceTree = "<group>"; };
		EF842469263B5962003DF52A /* Preview Assets.xcassets */ = {isa = PBXFileReference; lastKnownFileType = folder.assetcatalog; path = "Preview Assets.xcassets"; sourceTree = "<group>"; };
		EF84246B263B5962003DF52A /* Info.plist */ = {isa = PBXFileReference; lastKnownFileType = text.plist.xml; path = Info.plist; sourceTree = "<group>"; };
		EF8424B0263B83E2003DF52A /* PTSerif-Italic.ttf */ = {isa = PBXFileReference; lastKnownFileType = file; path = "PTSerif-Italic.ttf"; sourceTree = "<group>"; };
		EF8424B1263B83E2003DF52A /* PTSerif-Regular.ttf */ = {isa = PBXFileReference; lastKnownFileType = file; path = "PTSerif-Regular.ttf"; sourceTree = "<group>"; };
		EF8424B2263B83E2003DF52A /* PTSerif-Bold.ttf */ = {isa = PBXFileReference; lastKnownFileType = file; path = "PTSerif-Bold.ttf"; sourceTree = "<group>"; };
		EF8424B3263B83E3003DF52A /* PTSerif-BoldItalic.ttf */ = {isa = PBXFileReference; lastKnownFileType = file; path = "PTSerif-BoldItalic.ttf"; sourceTree = "<group>"; };
		EF8424BA263B9412003DF52A /* Motivation.swift */ = {isa = PBXFileReference; lastKnownFileType = sourcecode.swift; path = Motivation.swift; sourceTree = "<group>"; };
		EFD732D9263C54A800CB502F /* User.swift */ = {isa = PBXFileReference; lastKnownFileType = sourcecode.swift; path = User.swift; sourceTree = "<group>"; };
		EFD732DD263CA14C00CB502F /* SwiftUIView.swift */ = {isa = PBXFileReference; lastKnownFileType = sourcecode.swift; path = SwiftUIView.swift; sourceTree = "<group>"; };
/* End PBXFileReference section */

/* Begin PBXFrameworksBuildPhase section */
		EF84245C263B595E003DF52A /* Frameworks */ = {
			isa = PBXFrameworksBuildPhase;
			buildActionMask = 2147483647;
			files = (
			);
			runOnlyForDeploymentPostprocessing = 0;
		};
/* End PBXFrameworksBuildPhase section */

/* Begin PBXGroup section */
		EF842456263B595E003DF52A = {
			isa = PBXGroup;
			children = (
				EF842461263B595E003DF52A /* FocusApp */,
				EF842460263B595E003DF52A /* Products */,
			);
			sourceTree = "<group>";
		};
		EF842460263B595E003DF52A /* Products */ = {
			isa = PBXGroup;
			children = (
				EF84245F263B595E003DF52A /* FocusApp.app */,
			);
			name = Products;
			sourceTree = "<group>";
		};
		EF842461263B595E003DF52A /* FocusApp */ = {
			isa = PBXGroup;
			children = (
				EF842462263B595E003DF52A /* FocusAppApp.swift */,
				EF842464263B595E003DF52A /* ContentView.swift */,
				EFD732DD263CA14C00CB502F /* SwiftUIView.swift */,
				EFD732D9263C54A800CB502F /* User.swift */,
				EF8424BA263B9412003DF52A /* Motivation.swift */,
				EF842466263B5962003DF52A /* Assets.xcassets */,
				EF84246B263B5962003DF52A /* Info.plist */,
				EF8424B2263B83E2003DF52A /* PTSerif-Bold.ttf */,
				EF8424B3263B83E3003DF52A /* PTSerif-BoldItalic.ttf */,
				EF8424B0263B83E2003DF52A /* PTSerif-Italic.ttf */,
				EF8424B1263B83E2003DF52A /* PTSerif-Regular.ttf */,
				EF842468263B5962003DF52A /* Preview Content */,
				67297691263BC72C0095A0A8 /* tasks.swift */,
			);
			path = FocusApp;
			sourceTree = "<group>";
		};
		EF842468263B5962003DF52A /* Preview Content */ = {
			isa = PBXGroup;
			children = (
				EF842469263B5962003DF52A /* Preview Assets.xcassets */,
			);
			path = "Preview Content";
			sourceTree = "<group>";
		};
/* End PBXGroup section */

/* Begin PBXNativeTarget section */
		EF84245E263B595E003DF52A /* FocusApp */ = {
			isa = PBXNativeTarget;
			buildConfigurationList = EF84246E263B5962003DF52A /* Build configuration list for PBXNativeTarget "FocusApp" */;
			buildPhases = (
				EF84245B263B595E003DF52A /* Sources */,
				EF84245C263B595E003DF52A /* Frameworks */,
				EF84245D263B595E003DF52A /* Resources */,
			);
			buildRules = (
			);
			dependencies = (
			);
			name = FocusApp;
			productName = FocusApp;
			productReference = EF84245F263B595E003DF52A /* FocusApp.app */;
			productType = "com.apple.product-type.application";
		};
/* End PBXNativeTarget section */

/* Begin PBXProject section */
		EF842457263B595E003DF52A /* Project object */ = {
			isa = PBXProject;
			attributes = {
				LastSwiftUpdateCheck = 1240;
				LastUpgradeCheck = 1240;
				TargetAttributes = {
					EF84245E263B595E003DF52A = {
						CreatedOnToolsVersion = 12.4;
					};
				};
			};
			buildConfigurationList = EF84245A263B595E003DF52A /* Build configuration list for PBXProject "FocusApp" */;
			compatibilityVersion = "Xcode 9.3";
			developmentRegion = en;
			hasScannedForEncodings = 0;
			knownRegions = (
				en,
				Base,
			);
			mainGroup = EF842456263B595E003DF52A;
			productRefGroup = EF842460263B595E003DF52A /* Products */;
			projectDirPath = "";
			projectRoot = "";
			targets = (
				EF84245E263B595E003DF52A /* FocusApp */,
			);
		};
/* End PBXProject section */

/* Begin PBXResourcesBuildPhase section */
		EF84245D263B595E003DF52A /* Resources */ = {
			isa = PBXResourcesBuildPhase;
			buildActionMask = 2147483647;
			files = (
				EF84246A263B5962003DF52A /* Preview Assets.xcassets in Resources */,
				EF8424B7263B83E3003DF52A /* PTSerif-BoldItalic.ttf in Resources */,
				EF8424B4263B83E3003DF52A /* PTSerif-Italic.ttf in Resources */,
				EF842467263B5962003DF52A /* Assets.xcassets in Resources */,
				EF8424B6263B83E3003DF52A /* PTSerif-Bold.ttf in Resources */,
				EF8424B5263B83E3003DF52A /* PTSerif-Regular.ttf in Resources */,
			);
			runOnlyForDeploymentPostprocessing = 0;
		};
/* End PBXResourcesBuildPhase section */

/* Begin PBXSourcesBuildPhase section */
		EF84245B263B595E003DF52A /* Sources */ = {
			isa = PBXSourcesBuildPhase;
			buildActionMask = 2147483647;
			files = (
				67297692263BC72C0095A0A8 /* tasks.swift in Sources */,
				EF842465263B595E003DF52A /* ContentView.swift in Sources */,
				EFD732DE263CA14C00CB502F /* SwiftUIView.swift in Sources */,
				EF842463263B595E003DF52A /* FocusAppApp.swift in Sources */,
				EFD732DA263C54A800CB502F /* User.swift in Sources */,
				EF8424BB263B9412003DF52A /* Motivation.swift in Sources */,
			);
			runOnlyForDeploymentPostprocessing = 0;
		};
/* End PBXSourcesBuildPhase section */

/* Begin XCBuildConfiguration section */
		EF84246C263B5962003DF52A /* Debug */ = {
			isa = XCBuildConfiguration;
			buildSettings = {
				ALWAYS_SEARCH_USER_PATHS = NO;
				CLANG_ANALYZER_NONNULL = YES;
				CLANG_ANALYZER_NUMBER_OBJECT_CONVERSION = YES_AGGRESSIVE;
				CLANG_CXX_LANGUAGE_STANDARD = "gnu++14";
				CLANG_CXX_LIBRARY = "libc++";
				CLANG_ENABLE_MODULES = YES;
				CLANG_ENABLE_OBJC_ARC = YES;
				CLANG_ENABLE_OBJC_WEAK = YES;
				CLANG_WARN_BLOCK_CAPTURE_AUTORELEASING = YES;
				CLANG_WARN_BOOL_CONVERSION = YES;
				CLANG_WARN_COMMA = YES;
				CLANG_WARN_CONSTANT_CONVERSION = YES;
				CLANG_WARN_DEPRECATED_OBJC_IMPLEMENTATIONS = YES;
				CLANG_WARN_DIRECT_OBJC_ISA_USAGE = YES_ERROR;
				CLANG_WARN_DOCUMENTATION_COMMENTS = YES;
				CLANG_WARN_EMPTY_BODY = YES;
				CLANG_WARN_ENUM_CONVERSION = YES;
				CLANG_WARN_INFINITE_RECURSION = YES;
				CLANG_WARN_INT_CONVERSION = YES;
				CLANG_WARN_NON_LITERAL_NULL_CONVERSION = YES;
				CLANG_WARN_OBJC_IMPLICIT_RETAIN_SELF = YES;
				CLANG_WARN_OBJC_LITERAL_CONVERSION = YES;
				CLANG_WARN_OBJC_ROOT_CLASS = YES_ERROR;
				CLANG_WARN_QUOTED_INCLUDE_IN_FRAMEWORK_HEADER = YES;
				CLANG_WARN_RANGE_LOOP_ANALYSIS = YES;
				CLANG_WARN_STRICT_PROTOTYPES = YES;
				CLANG_WARN_SUSPICIOUS_MOVE = YES;
				CLANG_WARN_UNGUARDED_AVAILABILITY = YES_AGGRESSIVE;
				CLANG_WARN_UNREACHABLE_CODE = YES;
				CLANG_WARN__DUPLICATE_METHOD_MATCH = YES;
				COPY_PHASE_STRIP = NO;
				DEBUG_INFORMATION_FORMAT = dwarf;
				ENABLE_STRICT_OBJC_MSGSEND = YES;
				ENABLE_TESTABILITY = YES;
				GCC_C_LANGUAGE_STANDARD = gnu11;
				GCC_DYNAMIC_NO_PIC = NO;
				GCC_NO_COMMON_BLOCKS = YES;
				GCC_OPTIMIZATION_LEVEL = 0;
				GCC_PREPROCESSOR_DEFINITIONS = (
					"DEBUG=1",
					"$(inherited)",
				);
				GCC_WARN_64_TO_32_BIT_CONVERSION = YES;
				GCC_WARN_ABOUT_RETURN_TYPE = YES_ERROR;
				GCC_WARN_UNDECLARED_SELECTOR = YES;
				GCC_WARN_UNINITIALIZED_AUTOS = YES_AGGRESSIVE;
				GCC_WARN_UNUSED_FUNCTION = YES;
				GCC_WARN_UNUSED_VARIABLE = YES;
				IPHONEOS_DEPLOYMENT_TARGET = 14.4;
				MTL_ENABLE_DEBUG_INFO = INCLUDE_SOURCE;
				MTL_FAST_MATH = YES;
				ONLY_ACTIVE_ARCH = YES;
				SDKROOT = iphoneos;
				SWIFT_ACTIVE_COMPILATION_CONDITIONS = DEBUG;
				SWIFT_OPTIMIZATION_LEVEL = "-Onone";
			};
			name = Debug;
		};
		EF84246D263B5962003DF52A /* Release */ = {
			isa = XCBuildConfiguration;
			buildSettings = {
				ALWAYS_SEARCH_USER_PATHS = NO;
				CLANG_ANALYZER_NONNULL = YES;
				CLANG_ANALYZER_NUMBER_OBJECT_CONVERSION = YES_AGGRESSIVE;
				CLANG_CXX_LANGUAGE_STANDARD = "gnu++14";
				CLANG_CXX_LIBRARY = "libc++";
				CLANG_ENABLE_MODULES = YES;
				CLANG_ENABLE_OBJC_ARC = YES;
				CLANG_ENABLE_OBJC_WEAK = YES;
				CLANG_WARN_BLOCK_CAPTURE_AUTORELEASING = YES;
				CLANG_WARN_BOOL_CONVERSION = YES;
				CLANG_WARN_COMMA = YES;
				CLANG_WARN_CONSTANT_CONVERSION = YES;
				CLANG_WARN_DEPRECATED_OBJC_IMPLEMENTATIONS = YES;
				CLANG_WARN_DIRECT_OBJC_ISA_USAGE = YES_ERROR;
				CLANG_WARN_DOCUMENTATION_COMMENTS = YES;
				CLANG_WARN_EMPTY_BODY = YES;
				CLANG_WARN_ENUM_CONVERSION = YES;
				CLANG_WARN_INFINITE_RECURSION = YES;
				CLANG_WARN_INT_CONVERSION = YES;
				CLANG_WARN_NON_LITERAL_NULL_CONVERSION = YES;
				CLANG_WARN_OBJC_IMPLICIT_RETAIN_SELF = YES;
				CLANG_WARN_OBJC_LITERAL_CONVERSION = YES;
				CLANG_WARN_OBJC_ROOT_CLASS = YES_ERROR;
				CLANG_WARN_QUOTED_INCLUDE_IN_FRAMEWORK_HEADER = YES;
				CLANG_WARN_RANGE_LOOP_ANALYSIS = YES;
				CLANG_WARN_STRICT_PROTOTYPES = YES;
				CLANG_WARN_SUSPICIOUS_MOVE = YES;
				CLANG_WARN_UNGUARDED_AVAILABILITY = YES_AGGRESSIVE;
				CLANG_WARN_UNREACHABLE_CODE = YES;
				CLANG_WARN__DUPLICATE_METHOD_MATCH = YES;
				COPY_PHASE_STRIP = NO;
				DEBUG_INFORMATION_FORMAT = "dwarf-with-dsym";
				ENABLE_NS_ASSERTIONS = NO;
				ENABLE_STRICT_OBJC_MSGSEND = YES;
				GCC_C_LANGUAGE_STANDARD = gnu11;
				GCC_NO_COMMON_BLOCKS = YES;
				GCC_WARN_64_TO_32_BIT_CONVERSION = YES;
				GCC_WARN_ABOUT_RETURN_TYPE = YES_ERROR;
				GCC_WARN_UNDECLARED_SELECTOR = YES;
				GCC_WARN_UNINITIALIZED_AUTOS = YES_AGGRESSIVE;
				GCC_WARN_UNUSED_FUNCTION = YES;
				GCC_WARN_UNUSED_VARIABLE = YES;
				IPHONEOS_DEPLOYMENT_TARGET = 14.4;
				MTL_ENABLE_DEBUG_INFO = NO;
				MTL_FAST_MATH = YES;
				SDKROOT = iphoneos;
				SWIFT_COMPILATION_MODE = wholemodule;
				SWIFT_OPTIMIZATION_LEVEL = "-O";
				VALIDATE_PRODUCT = YES;
			};
			name = Release;
		};
		EF84246F263B5962003DF52A /* Debug */ = {
			isa = XCBuildConfiguration;
			buildSettings = {
				ASSETCATALOG_COMPILER_APPICON_NAME = AppIcon;
				ASSETCATALOG_COMPILER_GLOBAL_ACCENT_COLOR_NAME = AccentColor;
				CODE_SIGN_STYLE = Automatic;
				DEVELOPMENT_ASSET_PATHS = "\"FocusApp/Preview Content\"";
				ENABLE_PREVIEWS = YES;
				INFOPLIST_FILE = FocusApp/Info.plist;
				IPHONEOS_DEPLOYMENT_TARGET = 14.0;
				LD_RUNPATH_SEARCH_PATHS = (
					"$(inherited)",
					"@executable_path/Frameworks",
				);
				PRODUCT_BUNDLE_IDENTIFIER = NourAltunaib.FocusApp;
				PRODUCT_NAME = "$(TARGET_NAME)";
				SWIFT_VERSION = 5.0;
				TARGETED_DEVICE_FAMILY = "1,2";
			};
			name = Debug;
		};
		EF842470263B5962003DF52A /* Release */ = {
			isa = XCBuildConfiguration;
			buildSettings = {
				ASSETCATALOG_COMPILER_APPICON_NAME = AppIcon;
				ASSETCATALOG_COMPILER_GLOBAL_ACCENT_COLOR_NAME = AccentColor;
				CODE_SIGN_STYLE = Automatic;
				DEVELOPMENT_ASSET_PATHS = "\"FocusApp/Preview Content\"";
				ENABLE_PREVIEWS = YES;
				INFOPLIST_FILE = FocusApp/Info.plist;
				IPHONEOS_DEPLOYMENT_TARGET = 14.0;
				LD_RUNPATH_SEARCH_PATHS = (
					"$(inherited)",
					"@executable_path/Frameworks",
				);
				PRODUCT_BUNDLE_IDENTIFIER = NourAltunaib.FocusApp;
				PRODUCT_NAME = "$(TARGET_NAME)";
				SWIFT_VERSION = 5.0;
				TARGETED_DEVICE_FAMILY = "1,2";
			};
			name = Release;
		};
/* End XCBuildConfiguration section */

/* Begin XCConfigurationList section */
		EF84245A263B595E003DF52A /* Build configuration list for PBXProject "FocusApp" */ = {
			isa = XCConfigurationList;
			buildConfigurations = (
				EF84246C263B5962003DF52A /* Debug */,
				EF84246D263B5962003DF52A /* Release */,
			);
			defaultConfigurationIsVisible = 0;
			defaultConfigurationName = Release;
		};
		EF84246E263B5962003DF52A /* Build configuration list for PBXNativeTarget "FocusApp" */ = {
			isa = XCConfigurationList;
			buildConfigurations = (
				EF84246F263B5962003DF52A /* Debug */,
				EF842470263B5962003DF52A /* Release */,
			);
			defaultConfigurationIsVisible = 0;
			defaultConfigurationName = Release;
		};
/* End XCConfigurationList section */
	};
	rootObject = EF842457263B595E003DF52A /* Project object */;
}
